
Microsoft Visual Studio Solution File, Format Version 12.00
# Visual Studio Version 16
VisualStudioVersion = 16.0.31829.152
MinimumVisualStudioVersion = 10.0.40219.1
Project("{FAE04EC0-301F-11D3-BF4B-00C04F79EFBC}") = "WPF-3", "WPF-3.csproj", "{13C8A78B-DC40-456A-A696-3A18D25D860F}"
EndProject
Global
	GlobalSection(SolutionConfigurationPlatforms) = preSolution
		Debug|Any CPU = Debug|Any CPU
		Release|Any CPU = Release|Any CPU
	EndGlobalSection
	GlobalSection(ProjectConfigurationPlatforms) = postSolution
		{13C8A78B-DC40-456A-A696-3A18D25D860F}.Debug|Any CPU.ActiveCfg = Debug|Any CPU
		{13C8A78B-DC40-456A-A696-3A18D25D860F}.Debug|Any CPU.Build.0 = Debug|Any CPU
		{13C8A78B-DC40-456A-A696-3A18D25D860F}.Release|Any CPU.ActiveCfg = Release|Any CPU
		{13C8A78B-DC40-456A-A696-3A18D25D860F}.Release|Any CPU.Build.0 = Release|Any CPU
	EndGlobalSection
	GlobalSection(SolutionProperties) = preSolution
		HideSolutionNode = FALSE
	EndGlobalSection
	GlobalSection(ExtensibilityGlobals) = postSolution
		SolutionGuid = {8EAC975E-1D99-4D36-8E12-C1F9BFA287B6}
	EndGlobalSection
EndGlobal
